
Microsoft Visual Studio Solution File, Format Version 12.00
# Visual Studio Version 16
VisualStudioVersion = 16.0.31321.278
MinimumVisualStudioVersion = 10.0.40219.1
Project("{FAE04EC0-301F-11D3-BF4B-00C04F79EFBC}") = "ByteBank.SistemaInterno", "ByteBank.SistemaInterno\ByteBank.SistemaInterno.csproj", "{98607154-3064-4B2E-9B67-E9DF14746E64}"
EndProject
Global
	GlobalSection(SolutionConfigurationPlatforms) = preSolution
		Debug|Any CPU = Debug|Any CPU
		Release|Any CPU = Release|Any CPU
	EndGlobalSection
	GlobalSection(ProjectConfigurationPlatforms) = postSolution
		{98607154-3064-4B2E-9B67-E9DF14746E64}.Debug|Any CPU.ActiveCfg = Debug|Any CPU
		{98607154-3064-4B2E-9B67-E9DF14746E64}.Debug|Any CPU.Build.0 = Debug|Any CPU
		{98607154-3064-4B2E-9B67-E9DF14746E64}.Release|Any CPU.ActiveCfg = Release|Any CPU
		{98607154-3064-4B2E-9B67-E9DF14746E64}.Release|Any CPU.Build.0 = Release|Any CPU
	EndGlobalSection
	GlobalSection(SolutionProperties) = preSolution
		HideSolutionNode = FALSE
	EndGlobalSection
	GlobalSection(ExtensibilityGlobals) = postSolution
		SolutionGuid = {0480D088-CDF2-4933-A8A0-FF9B62231AD1}
	EndGlobalSection
EndGlobal
